
Microsoft Visual Studio Solution File, Format Version 12.00
# Visual Studio Version 17
VisualStudioVersion = 17.1.32228.430
MinimumVisualStudioVersion = 10.0.40219.1
Project("{FAE04EC0-301F-11D3-BF4B-00C04F79EFBC}") = "Week6_P1", "Week6_P1.csproj", "{67A9C013-28AD-490E-8DA9-691EEBD8D755}"
EndProject
Global
	GlobalSection(SolutionConfigurationPlatforms) = preSolution
		Debug|Any CPU = Debug|Any CPU
		Release|Any CPU = Release|Any CPU
	EndGlobalSection
	GlobalSection(ProjectConfigurationPlatforms) = postSolution
		{67A9C013-28AD-490E-8DA9-691EEBD8D755}.Debug|Any CPU.ActiveCfg = Debug|Any CPU
		{67A9C013-28AD-490E-8DA9-691EEBD8D755}.Debug|Any CPU.Build.0 = Debug|Any CPU
		{67A9C013-28AD-490E-8DA9-691EEBD8D755}.Release|Any CPU.ActiveCfg = Release|Any CPU
		{67A9C013-28AD-490E-8DA9-691EEBD8D755}.Release|Any CPU.Build.0 = Release|Any CPU
	EndGlobalSection
	GlobalSection(SolutionProperties) = preSolution
		HideSolutionNode = FALSE
	EndGlobalSection
	GlobalSection(ExtensibilityGlobals) = postSolution
		SolutionGuid = {ABD73FD5-7CE6-4CE7-90EA-F04F406A40AF}
	EndGlobalSection
EndGlobal
